// !$*UTF8*$!
{
	archiveVersion = 1;
	classes = {
	};
	objectVersion = 50;
	objects = {

/* Begin PBXBuildFile section */
		6E73D4FA246050D700519DA9 /* HomeViewController.swift in Sources */ = {isa = PBXBuildFile; fileRef = 6E73D4F9246050D700519DA9 /* HomeViewController.swift */; };
		6E73D4FD2460515600519DA9 /* postModel.swift in Sources */ = {isa = PBXBuildFile; fileRef = 6E73D4FC2460515600519DA9 /* postModel.swift */; };
		6E73D4FF246051BA00519DA9 /* PostTableViewCell.swift in Sources */ = {isa = PBXBuildFile; fileRef = 6E73D4FE246051BA00519DA9 /* PostTableViewCell.swift */; };
		6EEE466F2461AB6900A5D945 /* ProfileEditViewController.swift in Sources */ = {isa = PBXBuildFile; fileRef = 6EEE466E2461AB6900A5D945 /* ProfileEditViewController.swift */; };
		6EEE46712461AB8A00A5D945 /* ProfileViewController.swift in Sources */ = {isa = PBXBuildFile; fileRef = 6EEE46702461AB8A00A5D945 /* ProfileViewController.swift */; };
		6EEE46742461ACFE00A5D945 /* UserProfileModel.swift in Sources */ = {isa = PBXBuildFile; fileRef = 6EEE46732461ACFE00A5D945 /* UserProfileModel.swift */; };
		77208CD12461EC1400CF10E0 /* Profile.storyboard in Resources */ = {isa = PBXBuildFile; fileRef = 77208CD02461EC1400CF10E0 /* Profile.storyboard */; };
		77208CD42461EFE600CF10E0 /* CollectionViewCategories.storyboard in Resources */ = {isa = PBXBuildFile; fileRef = 77208CD32461EFE600CF10E0 /* CollectionViewCategories.storyboard */; };
		77A0037D245366AD00D39005 /* AppDelegate.swift in Sources */ = {isa = PBXBuildFile; fileRef = 77A0037C245366AD00D39005 /* AppDelegate.swift */; };
		77A0037F245366AD00D39005 /* SceneDelegate.swift in Sources */ = {isa = PBXBuildFile; fileRef = 77A0037E245366AD00D39005 /* SceneDelegate.swift */; };
		77A00386245366B000D39005 /* Assets.xcassets in Resources */ = {isa = PBXBuildFile; fileRef = 77A00385245366B000D39005 /* Assets.xcassets */; };
		77A00389245366B000D39005 /* LaunchScreen.storyboard in Resources */ = {isa = PBXBuildFile; fileRef = 77A00387245366B000D39005 /* LaunchScreen.storyboard */; };
		D566493D24605B0500034B8D /* CollectionViewCell.swift in Sources */ = {isa = PBXBuildFile; fileRef = D566493B24605B0500034B8D /* CollectionViewCell.swift */; };
		D566493E24605B0500034B8D /* CollectionViewCell.xib in Resources */ = {isa = PBXBuildFile; fileRef = D566493C24605B0500034B8D /* CollectionViewCell.xib */; };
		D566494024605C2700034B8D /* CollectionViewController.swift in Sources */ = {isa = PBXBuildFile; fileRef = D566493F24605C2700034B8D /* CollectionViewController.swift */; };
		D56773252459C9B600EEE4CC /* CategoriasController.swift in Sources */ = {isa = PBXBuildFile; fileRef = D56773212459C9B600EEE4CC /* CategoriasController.swift */; };
		D56773262459C9B600EEE4CC /* CategoriasModel.swift in Sources */ = {isa = PBXBuildFile; fileRef = D56773222459C9B600EEE4CC /* CategoriasModel.swift */; };
		D56773272459C9B600EEE4CC /* Categorias.storyboard in Resources */ = {isa = PBXBuildFile; fileRef = D56773232459C9B600EEE4CC /* Categorias.storyboard */; };
		D56773282459C9B600EEE4CC /* NavigationController.swift in Sources */ = {isa = PBXBuildFile; fileRef = D56773242459C9B600EEE4CC /* NavigationController.swift */; };
		D567732B2459C9DB00EEE4CC /* CardsCategorias.swift in Sources */ = {isa = PBXBuildFile; fileRef = D56773292459C9DB00EEE4CC /* CardsCategorias.swift */; };
		D567732C2459C9DB00EEE4CC /* CardsCategorias.xib in Resources */ = {isa = PBXBuildFile; fileRef = D567732A2459C9DB00EEE4CC /* CardsCategorias.xib */; };
		D567732E2459CA4E00EEE4CC /* TabBar.storyboard in Resources */ = {isa = PBXBuildFile; fileRef = D567732D2459CA4E00EEE4CC /* TabBar.storyboard */; };
		D5ADEFFC2460A6BE002BCBA6 /* InitialController.swift in Sources */ = {isa = PBXBuildFile; fileRef = D5ADEFFB2460A6BE002BCBA6 /* InitialController.swift */; };
		D5ADEFFF2460A81E002BCBA6 /* Initial.storyboard in Resources */ = {isa = PBXBuildFile; fileRef = D5ADEFFE2460A81E002BCBA6 /* Initial.storyboard */; };
		D5C130CB245B502B004013CA /* Home.storyboard in Resources */ = {isa = PBXBuildFile; fileRef = D5C130CA245B502A004013CA /* Home.storyboard */; };
		D5C130CD245B5040004013CA /* Favorites.storyboard in Resources */ = {isa = PBXBuildFile; fileRef = D5C130CC245B5040004013CA /* Favorites.storyboard */; };
		D8F6272424618C4F002103B1 /* RecoverPassword.storyboard in Resources */ = {isa = PBXBuildFile; fileRef = D8F6272324618C4F002103B1 /* RecoverPassword.storyboard */; };
		D8F627272461919A002103B1 /* RecoverPasswordViewController.swift in Sources */ = {isa = PBXBuildFile; fileRef = D8F627262461919A002103B1 /* RecoverPasswordViewController.swift */; };
/* End PBXBuildFile section */

/* Begin PBXFileReference section */
		6E73D4ED24604B0700519DA9 /* HomeModel.swift */ = {isa = PBXFileReference; lastKnownFileType = sourcecode.swift; path = HomeModel.swift; sourceTree = "<group>"; };
		6E73D4EF24604B6F00519DA9 /* HomeController.swift */ = {isa = PBXFileReference; lastKnownFileType = sourcecode.swift; path = HomeController.swift; sourceTree = "<group>"; };
		6E73D4F9246050D700519DA9 /* HomeViewController.swift */ = {isa = PBXFileReference; lastKnownFileType = sourcecode.swift; path = HomeViewController.swift; sourceTree = "<group>"; };
		6E73D4FC2460515600519DA9 /* postModel.swift */ = {isa = PBXFileReference; lastKnownFileType = sourcecode.swift; path = postModel.swift; sourceTree = "<group>"; };
		6E73D4FE246051BA00519DA9 /* PostTableViewCell.swift */ = {isa = PBXFileReference; lastKnownFileType = sourcecode.swift; name = PostTableViewCell.swift; path = SpiltMilk/View/Home/PostTableViewCell.swift; sourceTree = SOURCE_ROOT; };
		6EEE466E2461AB6900A5D945 /* ProfileEditViewController.swift */ = {isa = PBXFileReference; lastKnownFileType = sourcecode.swift; path = ProfileEditViewController.swift; sourceTree = "<group>"; };
		6EEE46702461AB8A00A5D945 /* ProfileViewController.swift */ = {isa = PBXFileReference; lastKnownFileType = sourcecode.swift; path = ProfileViewController.swift; sourceTree = "<group>"; };
		6EEE46732461ACFE00A5D945 /* UserProfileModel.swift */ = {isa = PBXFileReference; lastKnownFileType = sourcecode.swift; path = UserProfileModel.swift; sourceTree = "<group>"; };
		77208CD02461EC1400CF10E0 /* Profile.storyboard */ = {isa = PBXFileReference; lastKnownFileType = file.storyboard; path = Profile.storyboard; sourceTree = "<group>"; };
		77208CD32461EFE600CF10E0 /* CollectionViewCategories.storyboard */ = {isa = PBXFileReference; lastKnownFileType = file.storyboard; path = CollectionViewCategories.storyboard; sourceTree = "<group>"; };
		77A00379245366AD00D39005 /* SpiltMilk.app */ = {isa = PBXFileReference; explicitFileType = wrapper.application; includeInIndex = 0; path = SpiltMilk.app; sourceTree = BUILT_PRODUCTS_DIR; };
		77A0037C245366AD00D39005 /* AppDelegate.swift */ = {isa = PBXFileReference; lastKnownFileType = sourcecode.swift; path = AppDelegate.swift; sourceTree = "<group>"; };
		77A0037E245366AD00D39005 /* SceneDelegate.swift */ = {isa = PBXFileReference; lastKnownFileType = sourcecode.swift; path = SceneDelegate.swift; sourceTree = "<group>"; };
		77A00385245366B000D39005 /* Assets.xcassets */ = {isa = PBXFileReference; lastKnownFileType = folder.assetcatalog; path = Assets.xcassets; sourceTree = "<group>"; };
		77A00388245366B000D39005 /* Base */ = {isa = PBXFileReference; lastKnownFileType = file.storyboard; name = Base; path = Base.lproj/LaunchScreen.storyboard; sourceTree = "<group>"; };
		77A0038A245366B000D39005 /* Info.plist */ = {isa = PBXFileReference; lastKnownFileType = text.plist.xml; path = Info.plist; sourceTree = "<group>"; };
		77BC4EA72460917F00783578 /* RegisterController.swift */ = {isa = PBXFileReference; lastKnownFileType = sourcecode.swift; path = RegisterController.swift; sourceTree = "<group>"; };
		77BC4EA92460919E00783578 /* Register.storyboard */ = {isa = PBXFileReference; lastKnownFileType = file.storyboard; path = Register.storyboard; sourceTree = "<group>"; };
		D566493B24605B0500034B8D /* CollectionViewCell.swift */ = {isa = PBXFileReference; lastKnownFileType = sourcecode.swift; path = CollectionViewCell.swift; sourceTree = "<group>"; };
		D566493C24605B0500034B8D /* CollectionViewCell.xib */ = {isa = PBXFileReference; lastKnownFileType = file.xib; path = CollectionViewCell.xib; sourceTree = "<group>"; };
		D566493F24605C2700034B8D /* CollectionViewController.swift */ = {isa = PBXFileReference; lastKnownFileType = sourcecode.swift; path = CollectionViewController.swift; sourceTree = "<group>"; };
		D56773212459C9B600EEE4CC /* CategoriasController.swift */ = {isa = PBXFileReference; lastKnownFileType = sourcecode.swift; path = CategoriasController.swift; sourceTree = "<group>"; };
		D56773222459C9B600EEE4CC /* CategoriasModel.swift */ = {isa = PBXFileReference; lastKnownFileType = sourcecode.swift; path = CategoriasModel.swift; sourceTree = "<group>"; };
		D56773232459C9B600EEE4CC /* Categorias.storyboard */ = {isa = PBXFileReference; lastKnownFileType = file.storyboard; path = Categorias.storyboard; sourceTree = "<group>"; };
		D56773242459C9B600EEE4CC /* NavigationController.swift */ = {isa = PBXFileReference; lastKnownFileType = sourcecode.swift; path = NavigationController.swift; sourceTree = "<group>"; };
		D56773292459C9DB00EEE4CC /* CardsCategorias.swift */ = {isa = PBXFileReference; lastKnownFileType = sourcecode.swift; path = CardsCategorias.swift; sourceTree = "<group>"; };
		D567732A2459C9DB00EEE4CC /* CardsCategorias.xib */ = {isa = PBXFileReference; lastKnownFileType = file.xib; path = CardsCategorias.xib; sourceTree = "<group>"; };
		D567732D2459CA4E00EEE4CC /* TabBar.storyboard */ = {isa = PBXFileReference; lastKnownFileType = file.storyboard; path = TabBar.storyboard; sourceTree = "<group>"; };
		D5ADEFFB2460A6BE002BCBA6 /* InitialController.swift */ = {isa = PBXFileReference; lastKnownFileType = sourcecode.swift; path = InitialController.swift; sourceTree = "<group>"; };
		D5ADEFFE2460A81E002BCBA6 /* Initial.storyboard */ = {isa = PBXFileReference; lastKnownFileType = file.storyboard; path = Initial.storyboard; sourceTree = "<group>"; };
		D5C130CA245B502A004013CA /* Home.storyboard */ = {isa = PBXFileReference; lastKnownFileType = file.storyboard; path = Home.storyboard; sourceTree = "<group>"; };
		D5C130CC245B5040004013CA /* Favorites.storyboard */ = {isa = PBXFileReference; lastKnownFileType = file.storyboard; path = Favorites.storyboard; sourceTree = "<group>"; };
		D8F6272324618C4F002103B1 /* RecoverPassword.storyboard */ = {isa = PBXFileReference; lastKnownFileType = file.storyboard; path = RecoverPassword.storyboard; sourceTree = "<group>"; };
		D8F627262461919A002103B1 /* RecoverPasswordViewController.swift */ = {isa = PBXFileReference; lastKnownFileType = sourcecode.swift; path = RecoverPasswordViewController.swift; sourceTree = "<group>"; };
/* End PBXFileReference section */

/* Begin PBXFrameworksBuildPhase section */
		77A00376245366AD00D39005 /* Frameworks */ = {
			isa = PBXFrameworksBuildPhase;
			buildActionMask = 2147483647;
			files = (
			);
			runOnlyForDeploymentPostprocessing = 0;
		};
/* End PBXFrameworksBuildPhase section */

/* Begin PBXGroup section */
		6E73D4EC24604B0700519DA9 /* HomeModel */ = {
			isa = PBXGroup;
			children = (
				6E73D4ED24604B0700519DA9 /* HomeModel.swift */,
				6E73D4FC2460515600519DA9 /* postModel.swift */,
			);
			path = HomeModel;
			sourceTree = "<group>";
		};
		6E73D4EE24604B6F00519DA9 /* HomeController */ = {
			isa = PBXGroup;
			children = (
				6E73D4EF24604B6F00519DA9 /* HomeController.swift */,
			);
			path = HomeController;
			sourceTree = "<group>";
		};
		6E73D4F024604B6F00519DA9 /* HomeViewController */ = {
			isa = PBXGroup;
			children = (
				6E73D4F9246050D700519DA9 /* HomeViewController.swift */,
			);
			path = HomeViewController;
			sourceTree = "<group>";
		};
		6E73D4F224604D7E00519DA9 /* Post */ = {
			isa = PBXGroup;
			children = (
				6E73D4FE246051BA00519DA9 /* PostTableViewCell.swift */,
			);
			path = Post;
			sourceTree = "<group>";
		};
		6EEE466D2461AB2F00A5D945 /* Profile */ = {
			isa = PBXGroup;
			children = (
				6EEE466E2461AB6900A5D945 /* ProfileEditViewController.swift */,
				6EEE46702461AB8A00A5D945 /* ProfileViewController.swift */,
			);
			path = Profile;
			sourceTree = "<group>";
		};
		6EEE46722461ACEC00A5D945 /* ProfileModel */ = {
			isa = PBXGroup;
			children = (
				6EEE46732461ACFE00A5D945 /* UserProfileModel.swift */,
			);
			path = ProfileModel;
			sourceTree = "<group>";
		};
		77A00370245366AD00D39005 = {
			isa = PBXGroup;
			children = (
				77A0037B245366AD00D39005 /* SpiltMilk */,
				77A0037A245366AD00D39005 /* Products */,
			);
			sourceTree = "<group>";
		};
		77A0037A245366AD00D39005 /* Products */ = {
			isa = PBXGroup;
			children = (
				77A00379245366AD00D39005 /* SpiltMilk.app */,
			);
			name = Products;
			sourceTree = "<group>";
		};
		77A0037B245366AD00D39005 /* SpiltMilk */ = {
			isa = PBXGroup;
			children = (
				D56773392459CC8400EEE4CC /* ViewXib */,
				D56773372459CC2800EEE4CC /* Controller */,
				D56773362459CC2000EEE4CC /* View */,
				D56773352459CBF300EEE4CC /* Model */,
				77A0037C245366AD00D39005 /* AppDelegate.swift */,
				77A0037E245366AD00D39005 /* SceneDelegate.swift */,
				77A0038A245366B000D39005 /* Info.plist */,
			);
			path = SpiltMilk;
			sourceTree = "<group>";
		};
		77BC4EA62460917F00783578 /* RegisterController */ = {
			isa = PBXGroup;
			children = (
				77BC4EA72460917F00783578 /* RegisterController.swift */,
			);
			path = RegisterController;
			sourceTree = "<group>";
		};
		77BC4EA82460919E00783578 /* Register */ = {
			isa = PBXGroup;
			children = (
				77BC4EA92460919E00783578 /* Register.storyboard */,
			);
			path = Register;
			sourceTree = "<group>";
		};
		D56773352459CBF300EEE4CC /* Model */ = {
			isa = PBXGroup;
			children = (
				6EEE46722461ACEC00A5D945 /* ProfileModel */,
				6E73D4EC24604B0700519DA9 /* HomeModel */,
				D56773222459C9B600EEE4CC /* CategoriasModel.swift */,
			);
			path = Model;
			sourceTree = "<group>";
		};
		D56773362459CC2000EEE4CC /* View */ = {
			isa = PBXGroup;
			children = (
				D8F6272224618C08002103B1 /* RecoverPassword */,
				D5ADEFFD2460A6DD002BCBA6 /* Initial */,
				77A00385245366B000D39005 /* Assets.xcassets */,
				77BC4EA82460919E00783578 /* Register */,
				D5C130D0245B5134004013CA /* Home */,
				D5C130CF245B5127004013CA /* Profile */,
				D5C130CE245B5113004013CA /* Favorites */,
				D567733D2459CD4D00EEE4CC /* LaunchScreen */,
				D567733B2459CCFD00EEE4CC /* TabBar */,
				D567733A2459CCF000EEE4CC /* Categorias */,
			);
			path = View;
			sourceTree = "<group>";
		};
		D56773372459CC2800EEE4CC /* Controller */ = {
			isa = PBXGroup;
			children = (
				6EEE466D2461AB2F00A5D945 /* Profile */,
				D8F627252461916D002103B1 /* RecoverController */,
				D5ADEFFA2460A6AA002BCBA6 /* Initial */,
				77BC4EA62460917F00783578 /* RegisterController */,
				6E73D4F224604D7E00519DA9 /* Post */,
				6E73D4EE24604B6F00519DA9 /* HomeController */,
				6E73D4F024604B6F00519DA9 /* HomeViewController */,
				D567733E2459CD9200EEE4CC /* CategoriasController */,
			);
			path = Controller;
			sourceTree = "<group>";
		};
		D56773382459CC3600EEE4CC /* CategoriasXib */ = {
			isa = PBXGroup;
			children = (
				D56773292459C9DB00EEE4CC /* CardsCategorias.swift */,
				D567732A2459C9DB00EEE4CC /* CardsCategorias.xib */,
				D566493B24605B0500034B8D /* CollectionViewCell.swift */,
				D566493C24605B0500034B8D /* CollectionViewCell.xib */,
			);
			path = CategoriasXib;
			sourceTree = "<group>";
		};
		D56773392459CC8400EEE4CC /* ViewXib */ = {
			isa = PBXGroup;
			children = (
				D56773382459CC3600EEE4CC /* CategoriasXib */,
			);
			path = ViewXib;
			sourceTree = "<group>";
		};
		D567733A2459CCF000EEE4CC /* Categorias */ = {
			isa = PBXGroup;
			children = (
				77208CD32461EFE600CF10E0 /* CollectionViewCategories.storyboard */,
				D56773232459C9B600EEE4CC /* Categorias.storyboard */,
			);
			path = Categorias;
			sourceTree = "<group>";
		};
		D567733B2459CCFD00EEE4CC /* TabBar */ = {
			isa = PBXGroup;
			children = (
				D567732D2459CA4E00EEE4CC /* TabBar.storyboard */,
			);
			path = TabBar;
			sourceTree = "<group>";
		};
		D567733D2459CD4D00EEE4CC /* LaunchScreen */ = {
			isa = PBXGroup;
			children = (
				77A00387245366B000D39005 /* LaunchScreen.storyboard */,
			);
			path = LaunchScreen;
			sourceTree = "<group>";
		};
		D567733E2459CD9200EEE4CC /* CategoriasController */ = {
			isa = PBXGroup;
			children = (
				D56773212459C9B600EEE4CC /* CategoriasController.swift */,
				D56773242459C9B600EEE4CC /* NavigationController.swift */,
				D566493F24605C2700034B8D /* CollectionViewController.swift */,
			);
			path = CategoriasController;
			sourceTree = "<group>";
		};
		D5ADEFFA2460A6AA002BCBA6 /* Initial */ = {
			isa = PBXGroup;
			children = (
				D5ADEFFB2460A6BE002BCBA6 /* InitialController.swift */,
			);
			path = Initial;
			sourceTree = "<group>";
		};
		D5ADEFFD2460A6DD002BCBA6 /* Initial */ = {
			isa = PBXGroup;
			children = (
				D5ADEFFE2460A81E002BCBA6 /* Initial.storyboard */,
			);
			path = Initial;
			sourceTree = "<group>";
		};
		D5C130CE245B5113004013CA /* Favorites */ = {
			isa = PBXGroup;
			children = (
				D5C130CC245B5040004013CA /* Favorites.storyboard */,
			);
			path = Favorites;
			sourceTree = "<group>";
		};
		D5C130CF245B5127004013CA /* Profile */ = {
			isa = PBXGroup;
			children = (
				77208CD02461EC1400CF10E0 /* Profile.storyboard */,
			);
			path = Profile;
			sourceTree = "<group>";
		};
		D5C130D0245B5134004013CA /* Home */ = {
			isa = PBXGroup;
			children = (
				D5C130CA245B502A004013CA /* Home.storyboard */,
			);
			path = Home;
			sourceTree = "<group>";
		};
		D8F6272224618C08002103B1 /* RecoverPassword */ = {
			isa = PBXGroup;
			children = (
				D8F6272324618C4F002103B1 /* RecoverPassword.storyboard */,
			);
			path = RecoverPassword;
			sourceTree = "<group>";
		};
		D8F627252461916D002103B1 /* RecoverController */ = {
			isa = PBXGroup;
			children = (
				D8F627262461919A002103B1 /* RecoverPasswordViewController.swift */,
			);
			path = RecoverController;
			sourceTree = "<group>";
		};
/* End PBXGroup section */

/* Begin PBXNativeTarget section */
		77A00378245366AD00D39005 /* SpiltMilk */ = {
			isa = PBXNativeTarget;
			buildConfigurationList = 77A0038D245366B000D39005 /* Build configuration list for PBXNativeTarget "SpiltMilk" */;
			buildPhases = (
				77A00375245366AD00D39005 /* Sources */,
				77A00376245366AD00D39005 /* Frameworks */,
				77A00377245366AD00D39005 /* Resources */,
			);
			buildRules = (
			);
			dependencies = (
			);
			name = SpiltMilk;
			productName = SpiltMilk;
			productReference = 77A00379245366AD00D39005 /* SpiltMilk.app */;
			productType = "com.apple.product-type.application";
		};
/* End PBXNativeTarget section */

/* Begin PBXProject section */
		77A00371245366AD00D39005 /* Project object */ = {
			isa = PBXProject;
			attributes = {
				LastSwiftUpdateCheck = 1140;
				LastUpgradeCheck = 1140;
				ORGANIZATIONNAME = "Beatriz Carlos";
				TargetAttributes = {
					77A00378245366AD00D39005 = {
						CreatedOnToolsVersion = 11.4.1;
					};
				};
			};
			buildConfigurationList = 77A00374245366AD00D39005 /* Build configuration list for PBXProject "SpiltMilk" */;
			compatibilityVersion = "Xcode 9.3";
			developmentRegion = en;
			hasScannedForEncodings = 0;
			knownRegions = (
				en,
				Base,
			);
			mainGroup = 77A00370245366AD00D39005;
			productRefGroup = 77A0037A245366AD00D39005 /* Products */;
			projectDirPath = "";
			projectRoot = "";
			targets = (
				77A00378245366AD00D39005 /* SpiltMilk */,
			);
		};
/* End PBXProject section */

/* Begin PBXResourcesBuildPhase section */
		77A00377245366AD00D39005 /* Resources */ = {
			isa = PBXResourcesBuildPhase;
			buildActionMask = 2147483647;
			files = (
				77208CD42461EFE600CF10E0 /* CollectionViewCategories.storyboard in Resources */,
				77208CD12461EC1400CF10E0 /* Profile.storyboard in Resources */,
				D5C130CD245B5040004013CA /* Favorites.storyboard in Resources */,
				D5C130CB245B502B004013CA /* Home.storyboard in Resources */,
				D5ADEFFF2460A81E002BCBA6 /* Initial.storyboard in Resources */,
				77A00389245366B000D39005 /* LaunchScreen.storyboard in Resources */,
				77A00386245366B000D39005 /* Assets.xcassets in Resources */,
				D8F6272424618C4F002103B1 /* RecoverPassword.storyboard in Resources */,
				D567732C2459C9DB00EEE4CC /* CardsCategorias.xib in Resources */,
				D56773272459C9B600EEE4CC /* Categorias.storyboard in Resources */,
				D567732E2459CA4E00EEE4CC /* TabBar.storyboard in Resources */,
				D566493E24605B0500034B8D /* CollectionViewCell.xib in Resources */,
			);
			runOnlyForDeploymentPostprocessing = 0;
		};
/* End PBXResourcesBuildPhase section */

/* Begin PBXSourcesBuildPhase section */
		77A00375245366AD00D39005 /* Sources */ = {
			isa = PBXSourcesBuildPhase;
			buildActionMask = 2147483647;
			files = (
				D566493D24605B0500034B8D /* CollectionViewCell.swift in Sources */,
				D567732B2459C9DB00EEE4CC /* CardsCategorias.swift in Sources */,
				6E73D4FD2460515600519DA9 /* postModel.swift in Sources */,
				D56773252459C9B600EEE4CC /* CategoriasController.swift in Sources */,
				6EEE46742461ACFE00A5D945 /* UserProfileModel.swift in Sources */,
				6EEE46712461AB8A00A5D945 /* ProfileViewController.swift in Sources */,
				D5ADEFFC2460A6BE002BCBA6 /* InitialController.swift in Sources */,
				D8F627272461919A002103B1 /* RecoverPasswordViewController.swift in Sources */,
				6E73D4FF246051BA00519DA9 /* PostTableViewCell.swift in Sources */,
				D56773262459C9B600EEE4CC /* CategoriasModel.swift in Sources */,
				D56773282459C9B600EEE4CC /* NavigationController.swift in Sources */,
				77A0037D245366AD00D39005 /* AppDelegate.swift in Sources */,
				6E73D4FA246050D700519DA9 /* HomeViewController.swift in Sources */,
				77A0037F245366AD00D39005 /* SceneDelegate.swift in Sources */,
				6EEE466F2461AB6900A5D945 /* ProfileEditViewController.swift in Sources */,
				D566494024605C2700034B8D /* CollectionViewController.swift in Sources */,
			);
			runOnlyForDeploymentPostprocessing = 0;
		};
/* End PBXSourcesBuildPhase section */

/* Begin PBXVariantGroup section */
		77A00387245366B000D39005 /* LaunchScreen.storyboard */ = {
			isa = PBXVariantGroup;
			children = (
				77A00388245366B000D39005 /* Base */,
			);
			name = LaunchScreen.storyboard;
			sourceTree = "<group>";
		};
/* End PBXVariantGroup section */

/* Begin XCBuildConfiguration section */
		77A0038B245366B000D39005 /* Debug */ = {
			isa = XCBuildConfiguration;
			buildSettings = {
				ALWAYS_SEARCH_USER_PATHS = NO;
				CLANG_ANALYZER_NONNULL = YES;
				CLANG_ANALYZER_NUMBER_OBJECT_CONVERSION = YES_AGGRESSIVE;
				CLANG_CXX_LANGUAGE_STANDARD = "gnu++14";
				CLANG_CXX_LIBRARY = "libc++";
				CLANG_ENABLE_MODULES = YES;
				CLANG_ENABLE_OBJC_ARC = YES;
				CLANG_ENABLE_OBJC_WEAK = YES;
				CLANG_WARN_BLOCK_CAPTURE_AUTORELEASING = YES;
				CLANG_WARN_BOOL_CONVERSION = YES;
				CLANG_WARN_COMMA = YES;
				CLANG_WARN_CONSTANT_CONVERSION = YES;
				CLANG_WARN_DEPRECATED_OBJC_IMPLEMENTATIONS = YES;
				CLANG_WARN_DIRECT_OBJC_ISA_USAGE = YES_ERROR;
				CLANG_WARN_DOCUMENTATION_COMMENTS = YES;
				CLANG_WARN_EMPTY_BODY = YES;
				CLANG_WARN_ENUM_CONVERSION = YES;
				CLANG_WARN_INFINITE_RECURSION = YES;
				CLANG_WARN_INT_CONVERSION = YES;
				CLANG_WARN_NON_LITERAL_NULL_CONVERSION = YES;
				CLANG_WARN_OBJC_IMPLICIT_RETAIN_SELF = YES;
				CLANG_WARN_OBJC_LITERAL_CONVERSION = YES;
				CLANG_WARN_OBJC_ROOT_CLASS = YES_ERROR;
				CLANG_WARN_RANGE_LOOP_ANALYSIS = YES;
				CLANG_WARN_STRICT_PROTOTYPES = YES;
				CLANG_WARN_SUSPICIOUS_MOVE = YES;
				CLANG_WARN_UNGUARDED_AVAILABILITY = YES_AGGRESSIVE;
				CLANG_WARN_UNREACHABLE_CODE = YES;
				CLANG_WARN__DUPLICATE_METHOD_MATCH = YES;
				COPY_PHASE_STRIP = NO;
				DEBUG_INFORMATION_FORMAT = dwarf;
				ENABLE_STRICT_OBJC_MSGSEND = YES;
				ENABLE_TESTABILITY = YES;
				GCC_C_LANGUAGE_STANDARD = gnu11;
				GCC_DYNAMIC_NO_PIC = NO;
				GCC_NO_COMMON_BLOCKS = YES;
				GCC_OPTIMIZATION_LEVEL = 0;
				GCC_PREPROCESSOR_DEFINITIONS = (
					"DEBUG=1",
					"$(inherited)",
				);
				GCC_WARN_64_TO_32_BIT_CONVERSION = YES;
				GCC_WARN_ABOUT_RETURN_TYPE = YES_ERROR;
				GCC_WARN_UNDECLARED_SELECTOR = YES;
				GCC_WARN_UNINITIALIZED_AUTOS = YES_AGGRESSIVE;
				GCC_WARN_UNUSED_FUNCTION = YES;
				GCC_WARN_UNUSED_VARIABLE = YES;
				IPHONEOS_DEPLOYMENT_TARGET = 13.4;
				MTL_ENABLE_DEBUG_INFO = INCLUDE_SOURCE;
				MTL_FAST_MATH = YES;
				ONLY_ACTIVE_ARCH = YES;
				SDKROOT = iphoneos;
				SWIFT_ACTIVE_COMPILATION_CONDITIONS = DEBUG;
				SWIFT_OPTIMIZATION_LEVEL = "-Onone";
			};
			name = Debug;
		};
		77A0038C245366B000D39005 /* Release */ = {
			isa = XCBuildConfiguration;
			buildSettings = {
				ALWAYS_SEARCH_USER_PATHS = NO;
				CLANG_ANALYZER_NONNULL = YES;
				CLANG_ANALYZER_NUMBER_OBJECT_CONVERSION = YES_AGGRESSIVE;
				CLANG_CXX_LANGUAGE_STANDARD = "gnu++14";
				CLANG_CXX_LIBRARY = "libc++";
				CLANG_ENABLE_MODULES = YES;
				CLANG_ENABLE_OBJC_ARC = YES;
				CLANG_ENABLE_OBJC_WEAK = YES;
				CLANG_WARN_BLOCK_CAPTURE_AUTORELEASING = YES;
				CLANG_WARN_BOOL_CONVERSION = YES;
				CLANG_WARN_COMMA = YES;
				CLANG_WARN_CONSTANT_CONVERSION = YES;
				CLANG_WARN_DEPRECATED_OBJC_IMPLEMENTATIONS = YES;
				CLANG_WARN_DIRECT_OBJC_ISA_USAGE = YES_ERROR;
				CLANG_WARN_DOCUMENTATION_COMMENTS = YES;
				CLANG_WARN_EMPTY_BODY = YES;
				CLANG_WARN_ENUM_CONVERSION = YES;
				CLANG_WARN_INFINITE_RECURSION = YES;
				CLANG_WARN_INT_CONVERSION = YES;
				CLANG_WARN_NON_LITERAL_NULL_CONVERSION = YES;
				CLANG_WARN_OBJC_IMPLICIT_RETAIN_SELF = YES;
				CLANG_WARN_OBJC_LITERAL_CONVERSION = YES;
				CLANG_WARN_OBJC_ROOT_CLASS = YES_ERROR;
				CLANG_WARN_RANGE_LOOP_ANALYSIS = YES;
				CLANG_WARN_STRICT_PROTOTYPES = YES;
				CLANG_WARN_SUSPICIOUS_MOVE = YES;
				CLANG_WARN_UNGUARDED_AVAILABILITY = YES_AGGRESSIVE;
				CLANG_WARN_UNREACHABLE_CODE = YES;
				CLANG_WARN__DUPLICATE_METHOD_MATCH = YES;
				COPY_PHASE_STRIP = NO;
				DEBUG_INFORMATION_FORMAT = "dwarf-with-dsym";
				ENABLE_NS_ASSERTIONS = NO;
				ENABLE_STRICT_OBJC_MSGSEND = YES;
				GCC_C_LANGUAGE_STANDARD = gnu11;
				GCC_NO_COMMON_BLOCKS = YES;
				GCC_WARN_64_TO_32_BIT_CONVERSION = YES;
				GCC_WARN_ABOUT_RETURN_TYPE = YES_ERROR;
				GCC_WARN_UNDECLARED_SELECTOR = YES;
				GCC_WARN_UNINITIALIZED_AUTOS = YES_AGGRESSIVE;
				GCC_WARN_UNUSED_FUNCTION = YES;
				GCC_WARN_UNUSED_VARIABLE = YES;
				IPHONEOS_DEPLOYMENT_TARGET = 13.4;
				MTL_ENABLE_DEBUG_INFO = NO;
				MTL_FAST_MATH = YES;
				SDKROOT = iphoneos;
				SWIFT_COMPILATION_MODE = wholemodule;
				SWIFT_OPTIMIZATION_LEVEL = "-O";
				VALIDATE_PRODUCT = YES;
			};
			name = Release;
		};
		77A0038E245366B000D39005 /* Debug */ = {
			isa = XCBuildConfiguration;
			buildSettings = {
				ASSETCATALOG_COMPILER_APPICON_NAME = AppIcon;
				CODE_SIGN_STYLE = Automatic;
				INFOPLIST_FILE = SpiltMilk/Info.plist;
				IPHONEOS_DEPLOYMENT_TARGET = 13.4;
				LD_RUNPATH_SEARCH_PATHS = (
					"$(inherited)",
					"@executable_path/Frameworks",
				);
				PRODUCT_BUNDLE_IDENTIFIER = com.beatrizcarlos.SpiltMilk;
				PRODUCT_NAME = "$(TARGET_NAME)";
				SWIFT_VERSION = 5.0;
				TARGETED_DEVICE_FAMILY = 1;
			};
			name = Debug;
		};
		77A0038F245366B000D39005 /* Release */ = {
			isa = XCBuildConfiguration;
			buildSettings = {
				ASSETCATALOG_COMPILER_APPICON_NAME = AppIcon;
				CODE_SIGN_STYLE = Automatic;
				INFOPLIST_FILE = SpiltMilk/Info.plist;
				IPHONEOS_DEPLOYMENT_TARGET = 13.4;
				LD_RUNPATH_SEARCH_PATHS = (
					"$(inherited)",
					"@executable_path/Frameworks",
				);
				PRODUCT_BUNDLE_IDENTIFIER = com.beatrizcarlos.SpiltMilk;
				PRODUCT_NAME = "$(TARGET_NAME)";
				SWIFT_VERSION = 5.0;
				TARGETED_DEVICE_FAMILY = 1;
			};
			name = Release;
		};
/* End XCBuildConfiguration section */

/* Begin XCConfigurationList section */
		77A00374245366AD00D39005 /* Build configuration list for PBXProject "SpiltMilk" */ = {
			isa = XCConfigurationList;
			buildConfigurations = (
				77A0038B245366B000D39005 /* Debug */,
				77A0038C245366B000D39005 /* Release */,
			);
			defaultConfigurationIsVisible = 0;
			defaultConfigurationName = Release;
		};
		77A0038D245366B000D39005 /* Build configuration list for PBXNativeTarget "SpiltMilk" */ = {
			isa = XCConfigurationList;
			buildConfigurations = (
				77A0038E245366B000D39005 /* Debug */,
				77A0038F245366B000D39005 /* Release */,
			);
			defaultConfigurationIsVisible = 0;
			defaultConfigurationName = Release;
		};
/* End XCConfigurationList section */
	};
	rootObject = 77A00371245366AD00D39005 /* Project object */;
}
