// !$*UTF8*$!
{
	archiveVersion = 1;
	classes = {
	};
	objectVersion = 50;
	objects = {

/* Begin PBXBuildFile section */
		77A0037D245366AD00D39005 /* AppDelegate.swift in Sources */ = {isa = PBXBuildFile; fileRef = 77A0037C245366AD00D39005 /* AppDelegate.swift */; };
		77A0037F245366AD00D39005 /* SceneDelegate.swift in Sources */ = {isa = PBXBuildFile; fileRef = 77A0037E245366AD00D39005 /* SceneDelegate.swift */; };
		77A00381245366AD00D39005 /* ViewController.swift in Sources */ = {isa = PBXBuildFile; fileRef = 77A00380245366AD00D39005 /* ViewController.swift */; };
		77A00384245366AD00D39005 /* Main.storyboard in Resources */ = {isa = PBXBuildFile; fileRef = 77A00382245366AD00D39005 /* Main.storyboard */; };
		77A00386245366B000D39005 /* Assets.xcassets in Resources */ = {isa = PBXBuildFile; fileRef = 77A00385245366B000D39005 /* Assets.xcassets */; };
		77A00389245366B000D39005 /* LaunchScreen.storyboard in Resources */ = {isa = PBXBuildFile; fileRef = 77A00387245366B000D39005 /* LaunchScreen.storyboard */; };
		D5B85417245851C6000DD66E /* Categorias.storyboard in Resources */ = {isa = PBXBuildFile; fileRef = D5B85416245851C6000DD66E /* Categorias.storyboard */; };
		D5B85419245851EB000DD66E /* CategoriasModel.swift in Sources */ = {isa = PBXBuildFile; fileRef = D5B85418245851EB000DD66E /* CategoriasModel.swift */; };
		D5B8541B245851FE000DD66E /* CategoriasController.swift in Sources */ = {isa = PBXBuildFile; fileRef = D5B8541A245851FE000DD66E /* CategoriasController.swift */; };
		D5B8541D245855D6000DD66E /* NavigationController.swift in Sources */ = {isa = PBXBuildFile; fileRef = D5B8541C245855D6000DD66E /* NavigationController.swift */; };
		D84F8371245872C400118FD0 /* CardsCategorias.xib in Resources */ = {isa = PBXBuildFile; fileRef = D84F8370245872C400118FD0 /* CardsCategorias.xib */; };
		D84F8374245874B600118FD0 /* CardsCategorias.swift in Sources */ = {isa = PBXBuildFile; fileRef = D84F8373245874B600118FD0 /* CardsCategorias.swift */; };
/* End PBXBuildFile section */

/* Begin PBXFileReference section */
		77A00379245366AD00D39005 /* SpiltMilk.app */ = {isa = PBXFileReference; explicitFileType = wrapper.application; includeInIndex = 0; path = SpiltMilk.app; sourceTree = BUILT_PRODUCTS_DIR; };
		77A0037C245366AD00D39005 /* AppDelegate.swift */ = {isa = PBXFileReference; lastKnownFileType = sourcecode.swift; path = AppDelegate.swift; sourceTree = "<group>"; };
		77A0037E245366AD00D39005 /* SceneDelegate.swift */ = {isa = PBXFileReference; lastKnownFileType = sourcecode.swift; path = SceneDelegate.swift; sourceTree = "<group>"; };
		77A00380245366AD00D39005 /* ViewController.swift */ = {isa = PBXFileReference; lastKnownFileType = sourcecode.swift; path = ViewController.swift; sourceTree = "<group>"; };
		77A00383245366AD00D39005 /* Base */ = {isa = PBXFileReference; lastKnownFileType = file.storyboard; name = Base; path = Base.lproj/Main.storyboard; sourceTree = "<group>"; };
		77A00385245366B000D39005 /* Assets.xcassets */ = {isa = PBXFileReference; lastKnownFileType = folder.assetcatalog; path = Assets.xcassets; sourceTree = "<group>"; };
		77A00388245366B000D39005 /* Base */ = {isa = PBXFileReference; lastKnownFileType = file.storyboard; name = Base; path = Base.lproj/LaunchScreen.storyboard; sourceTree = "<group>"; };
		77A0038A245366B000D39005 /* Info.plist */ = {isa = PBXFileReference; lastKnownFileType = text.plist.xml; path = Info.plist; sourceTree = "<group>"; };
		D5B85416245851C6000DD66E /* Categorias.storyboard */ = {isa = PBXFileReference; lastKnownFileType = file.storyboard; path = Categorias.storyboard; sourceTree = "<group>"; };
		D5B85418245851EB000DD66E /* CategoriasModel.swift */ = {isa = PBXFileReference; lastKnownFileType = sourcecode.swift; path = CategoriasModel.swift; sourceTree = "<group>"; };
		D5B8541A245851FE000DD66E /* CategoriasController.swift */ = {isa = PBXFileReference; lastKnownFileType = sourcecode.swift; path = CategoriasController.swift; sourceTree = "<group>"; };
		D5B8541C245855D6000DD66E /* NavigationController.swift */ = {isa = PBXFileReference; lastKnownFileType = sourcecode.swift; path = NavigationController.swift; sourceTree = "<group>"; };
		D84F8370245872C400118FD0 /* CardsCategorias.xib */ = {isa = PBXFileReference; lastKnownFileType = file.xib; path = CardsCategorias.xib; sourceTree = "<group>"; };
		D84F8373245874B600118FD0 /* CardsCategorias.swift */ = {isa = PBXFileReference; lastKnownFileType = sourcecode.swift; path = CardsCategorias.swift; sourceTree = "<group>"; };
/* End PBXFileReference section */

/* Begin PBXFrameworksBuildPhase section */
		77A00376245366AD00D39005 /* Frameworks */ = {
			isa = PBXFrameworksBuildPhase;
			buildActionMask = 2147483647;
			files = (
			);
			runOnlyForDeploymentPostprocessing = 0;
		};
/* End PBXFrameworksBuildPhase section */

/* Begin PBXGroup section */
		77A00370245366AD00D39005 = {
			isa = PBXGroup;
			children = (
				77A0037B245366AD00D39005 /* SpiltMilk */,
				77A0037A245366AD00D39005 /* Products */,
			);
			sourceTree = "<group>";
		};
		77A0037A245366AD00D39005 /* Products */ = {
			isa = PBXGroup;
			children = (
				77A00379245366AD00D39005 /* SpiltMilk.app */,
			);
			name = Products;
			sourceTree = "<group>";
		};
		77A0037B245366AD00D39005 /* SpiltMilk */ = {
			isa = PBXGroup;
			children = (
				D5B854152458518D000DD66E /* Tela de Categorias */,
				77A0037C245366AD00D39005 /* AppDelegate.swift */,
				77A0037E245366AD00D39005 /* SceneDelegate.swift */,
				77A00380245366AD00D39005 /* ViewController.swift */,
				77A00382245366AD00D39005 /* Main.storyboard */,
				77A00385245366B000D39005 /* Assets.xcassets */,
				77A00387245366B000D39005 /* LaunchScreen.storyboard */,
				77A0038A245366B000D39005 /* Info.plist */,
			);
			path = SpiltMilk;
			sourceTree = "<group>";
		};
		D5B854152458518D000DD66E /* Tela de Categorias */ = {
			isa = PBXGroup;
			children = (
				D84F83722458747300118FD0 /* XIBCards */,
				D5B85416245851C6000DD66E /* Categorias.storyboard */,
				D5B85418245851EB000DD66E /* CategoriasModel.swift */,
				D5B8541A245851FE000DD66E /* CategoriasController.swift */,
				D5B8541C245855D6000DD66E /* NavigationController.swift */,
			);
			path = "Tela de Categorias";
			sourceTree = "<group>";
		};
		D84F83722458747300118FD0 /* XIBCards */ = {
			isa = PBXGroup;
			children = (
				D84F8370245872C400118FD0 /* CardsCategorias.xib */,
				D84F8373245874B600118FD0 /* CardsCategorias.swift */,
			);
			path = XIBCards;
			sourceTree = "<group>";
		};
/* End PBXGroup section */

/* Begin PBXNativeTarget section */
		77A00378245366AD00D39005 /* SpiltMilk */ = {
			isa = PBXNativeTarget;
			buildConfigurationList = 77A0038D245366B000D39005 /* Build configuration list for PBXNativeTarget "SpiltMilk" */;
			buildPhases = (
				77A00375245366AD00D39005 /* Sources */,
				77A00376245366AD00D39005 /* Frameworks */,
				77A00377245366AD00D39005 /* Resources */,
			);
			buildRules = (
			);
			dependencies = (
			);
			name = SpiltMilk;
			productName = SpiltMilk;
			productReference = 77A00379245366AD00D39005 /* SpiltMilk.app */;
			productType = "com.apple.product-type.application";
		};
/* End PBXNativeTarget section */

/* Begin PBXProject section */
		77A00371245366AD00D39005 /* Project object */ = {
			isa = PBXProject;
			attributes = {
				LastSwiftUpdateCheck = 1140;
				LastUpgradeCheck = 1140;
				ORGANIZATIONNAME = "Beatriz Carlos";
				TargetAttributes = {
					77A00378245366AD00D39005 = {
						CreatedOnToolsVersion = 11.4.1;
					};
				};
			};
			buildConfigurationList = 77A00374245366AD00D39005 /* Build configuration list for PBXProject "SpiltMilk" */;
			compatibilityVersion = "Xcode 9.3";
			developmentRegion = en;
			hasScannedForEncodings = 0;
			knownRegions = (
				en,
				Base,
			);
			mainGroup = 77A00370245366AD00D39005;
			productRefGroup = 77A0037A245366AD00D39005 /* Products */;
			projectDirPath = "";
			projectRoot = "";
			targets = (
				77A00378245366AD00D39005 /* SpiltMilk */,
			);
		};
/* End PBXProject section */

/* Begin PBXResourcesBuildPhase section */
		77A00377245366AD00D39005 /* Resources */ = {
			isa = PBXResourcesBuildPhase;
			buildActionMask = 2147483647;
			files = (
				D84F8371245872C400118FD0 /* CardsCategorias.xib in Resources */,
				77A00389245366B000D39005 /* LaunchScreen.storyboard in Resources */,
				77A00386245366B000D39005 /* Assets.xcassets in Resources */,
				D5B85417245851C6000DD66E /* Categorias.storyboard in Resources */,
				77A00384245366AD00D39005 /* Main.storyboard in Resources */,
			);
			runOnlyForDeploymentPostprocessing = 0;
		};
/* End PBXResourcesBuildPhase section */

/* Begin PBXSourcesBuildPhase section */
		77A00375245366AD00D39005 /* Sources */ = {
			isa = PBXSourcesBuildPhase;
			buildActionMask = 2147483647;
			files = (
				D84F8374245874B600118FD0 /* CardsCategorias.swift in Sources */,
				77A00381245366AD00D39005 /* ViewController.swift in Sources */,
				D5B8541D245855D6000DD66E /* NavigationController.swift in Sources */,
				77A0037D245366AD00D39005 /* AppDelegate.swift in Sources */,
				77A0037F245366AD00D39005 /* SceneDelegate.swift in Sources */,
				D5B85419245851EB000DD66E /* CategoriasModel.swift in Sources */,
				D5B8541B245851FE000DD66E /* CategoriasController.swift in Sources */,
			);
			runOnlyForDeploymentPostprocessing = 0;
		};
/* End PBXSourcesBuildPhase section */

/* Begin PBXVariantGroup section */
		77A00382245366AD00D39005 /* Main.storyboard */ = {
			isa = PBXVariantGroup;
			children = (
				77A00383245366AD00D39005 /* Base */,
			);
			name = Main.storyboard;
			sourceTree = "<group>";
		};
		77A00387245366B000D39005 /* LaunchScreen.storyboard */ = {
			isa = PBXVariantGroup;
			children = (
				77A00388245366B000D39005 /* Base */,
			);
			name = LaunchScreen.storyboard;
			sourceTree = "<group>";
		};
/* End PBXVariantGroup section */

/* Begin XCBuildConfiguration section */
		77A0038B245366B000D39005 /* Debug */ = {
			isa = XCBuildConfiguration;
			buildSettings = {
				ALWAYS_SEARCH_USER_PATHS = NO;
				CLANG_ANALYZER_NONNULL = YES;
				CLANG_ANALYZER_NUMBER_OBJECT_CONVERSION = YES_AGGRESSIVE;
				CLANG_CXX_LANGUAGE_STANDARD = "gnu++14";
				CLANG_CXX_LIBRARY = "libc++";
				CLANG_ENABLE_MODULES = YES;
				CLANG_ENABLE_OBJC_ARC = YES;
				CLANG_ENABLE_OBJC_WEAK = YES;
				CLANG_WARN_BLOCK_CAPTURE_AUTORELEASING = YES;
				CLANG_WARN_BOOL_CONVERSION = YES;
				CLANG_WARN_COMMA = YES;
				CLANG_WARN_CONSTANT_CONVERSION = YES;
				CLANG_WARN_DEPRECATED_OBJC_IMPLEMENTATIONS = YES;
				CLANG_WARN_DIRECT_OBJC_ISA_USAGE = YES_ERROR;
				CLANG_WARN_DOCUMENTATION_COMMENTS = YES;
				CLANG_WARN_EMPTY_BODY = YES;
				CLANG_WARN_ENUM_CONVERSION = YES;
				CLANG_WARN_INFINITE_RECURSION = YES;
				CLANG_WARN_INT_CONVERSION = YES;
				CLANG_WARN_NON_LITERAL_NULL_CONVERSION = YES;
				CLANG_WARN_OBJC_IMPLICIT_RETAIN_SELF = YES;
				CLANG_WARN_OBJC_LITERAL_CONVERSION = YES;
				CLANG_WARN_OBJC_ROOT_CLASS = YES_ERROR;
				CLANG_WARN_RANGE_LOOP_ANALYSIS = YES;
				CLANG_WARN_STRICT_PROTOTYPES = YES;
				CLANG_WARN_SUSPICIOUS_MOVE = YES;
				CLANG_WARN_UNGUARDED_AVAILABILITY = YES_AGGRESSIVE;
				CLANG_WARN_UNREACHABLE_CODE = YES;
				CLANG_WARN__DUPLICATE_METHOD_MATCH = YES;
				COPY_PHASE_STRIP = NO;
				DEBUG_INFORMATION_FORMAT = dwarf;
				ENABLE_STRICT_OBJC_MSGSEND = YES;
				ENABLE_TESTABILITY = YES;
				GCC_C_LANGUAGE_STANDARD = gnu11;
				GCC_DYNAMIC_NO_PIC = NO;
				GCC_NO_COMMON_BLOCKS = YES;
				GCC_OPTIMIZATION_LEVEL = 0;
				GCC_PREPROCESSOR_DEFINITIONS = (
					"DEBUG=1",
					"$(inherited)",
				);
				GCC_WARN_64_TO_32_BIT_CONVERSION = YES;
				GCC_WARN_ABOUT_RETURN_TYPE = YES_ERROR;
				GCC_WARN_UNDECLARED_SELECTOR = YES;
				GCC_WARN_UNINITIALIZED_AUTOS = YES_AGGRESSIVE;
				GCC_WARN_UNUSED_FUNCTION = YES;
				GCC_WARN_UNUSED_VARIABLE = YES;
				IPHONEOS_DEPLOYMENT_TARGET = 13.4;
				MTL_ENABLE_DEBUG_INFO = INCLUDE_SOURCE;
				MTL_FAST_MATH = YES;
				ONLY_ACTIVE_ARCH = YES;
				SDKROOT = iphoneos;
				SWIFT_ACTIVE_COMPILATION_CONDITIONS = DEBUG;
				SWIFT_OPTIMIZATION_LEVEL = "-Onone";
			};
			name = Debug;
		};
		77A0038C245366B000D39005 /* Release */ = {
			isa = XCBuildConfiguration;
			buildSettings = {
				ALWAYS_SEARCH_USER_PATHS = NO;
				CLANG_ANALYZER_NONNULL = YES;
				CLANG_ANALYZER_NUMBER_OBJECT_CONVERSION = YES_AGGRESSIVE;
				CLANG_CXX_LANGUAGE_STANDARD = "gnu++14";
				CLANG_CXX_LIBRARY = "libc++";
				CLANG_ENABLE_MODULES = YES;
				CLANG_ENABLE_OBJC_ARC = YES;
				CLANG_ENABLE_OBJC_WEAK = YES;
				CLANG_WARN_BLOCK_CAPTURE_AUTORELEASING = YES;
				CLANG_WARN_BOOL_CONVERSION = YES;
				CLANG_WARN_COMMA = YES;
				CLANG_WARN_CONSTANT_CONVERSION = YES;
				CLANG_WARN_DEPRECATED_OBJC_IMPLEMENTATIONS = YES;
				CLANG_WARN_DIRECT_OBJC_ISA_USAGE = YES_ERROR;
				CLANG_WARN_DOCUMENTATION_COMMENTS = YES;
				CLANG_WARN_EMPTY_BODY = YES;
				CLANG_WARN_ENUM_CONVERSION = YES;
				CLANG_WARN_INFINITE_RECURSION = YES;
				CLANG_WARN_INT_CONVERSION = YES;
				CLANG_WARN_NON_LITERAL_NULL_CONVERSION = YES;
				CLANG_WARN_OBJC_IMPLICIT_RETAIN_SELF = YES;
				CLANG_WARN_OBJC_LITERAL_CONVERSION = YES;
				CLANG_WARN_OBJC_ROOT_CLASS = YES_ERROR;
				CLANG_WARN_RANGE_LOOP_ANALYSIS = YES;
				CLANG_WARN_STRICT_PROTOTYPES = YES;
				CLANG_WARN_SUSPICIOUS_MOVE = YES;
				CLANG_WARN_UNGUARDED_AVAILABILITY = YES_AGGRESSIVE;
				CLANG_WARN_UNREACHABLE_CODE = YES;
				CLANG_WARN__DUPLICATE_METHOD_MATCH = YES;
				COPY_PHASE_STRIP = NO;
				DEBUG_INFORMATION_FORMAT = "dwarf-with-dsym";
				ENABLE_NS_ASSERTIONS = NO;
				ENABLE_STRICT_OBJC_MSGSEND = YES;
				GCC_C_LANGUAGE_STANDARD = gnu11;
				GCC_NO_COMMON_BLOCKS = YES;
				GCC_WARN_64_TO_32_BIT_CONVERSION = YES;
				GCC_WARN_ABOUT_RETURN_TYPE = YES_ERROR;
				GCC_WARN_UNDECLARED_SELECTOR = YES;
				GCC_WARN_UNINITIALIZED_AUTOS = YES_AGGRESSIVE;
				GCC_WARN_UNUSED_FUNCTION = YES;
				GCC_WARN_UNUSED_VARIABLE = YES;
				IPHONEOS_DEPLOYMENT_TARGET = 13.4;
				MTL_ENABLE_DEBUG_INFO = NO;
				MTL_FAST_MATH = YES;
				SDKROOT = iphoneos;
				SWIFT_COMPILATION_MODE = wholemodule;
				SWIFT_OPTIMIZATION_LEVEL = "-O";
				VALIDATE_PRODUCT = YES;
			};
			name = Release;
		};
		77A0038E245366B000D39005 /* Debug */ = {
			isa = XCBuildConfiguration;
			buildSettings = {
				ASSETCATALOG_COMPILER_APPICON_NAME = AppIcon;
				CODE_SIGN_STYLE = Automatic;
				INFOPLIST_FILE = SpiltMilk/Info.plist;
				IPHONEOS_DEPLOYMENT_TARGET = 13.4;
				LD_RUNPATH_SEARCH_PATHS = (
					"$(inherited)",
					"@executable_path/Frameworks",
				);
				PRODUCT_BUNDLE_IDENTIFIER = com.beatrizcarlos.SpiltMilk;
				PRODUCT_NAME = "$(TARGET_NAME)";
				SWIFT_VERSION = 5.0;
				TARGETED_DEVICE_FAMILY = 1;
			};
			name = Debug;
		};
		77A0038F245366B000D39005 /* Release */ = {
			isa = XCBuildConfiguration;
			buildSettings = {
				ASSETCATALOG_COMPILER_APPICON_NAME = AppIcon;
				CODE_SIGN_STYLE = Automatic;
				INFOPLIST_FILE = SpiltMilk/Info.plist;
				IPHONEOS_DEPLOYMENT_TARGET = 13.4;
				LD_RUNPATH_SEARCH_PATHS = (
					"$(inherited)",
					"@executable_path/Frameworks",
				);
				PRODUCT_BUNDLE_IDENTIFIER = com.beatrizcarlos.SpiltMilk;
				PRODUCT_NAME = "$(TARGET_NAME)";
				SWIFT_VERSION = 5.0;
				TARGETED_DEVICE_FAMILY = 1;
			};
			name = Release;
		};
/* End XCBuildConfiguration section */

/* Begin XCConfigurationList section */
		77A00374245366AD00D39005 /* Build configuration list for PBXProject "SpiltMilk" */ = {
			isa = XCConfigurationList;
			buildConfigurations = (
				77A0038B245366B000D39005 /* Debug */,
				77A0038C245366B000D39005 /* Release */,
			);
			defaultConfigurationIsVisible = 0;
			defaultConfigurationName = Release;
		};
		77A0038D245366B000D39005 /* Build configuration list for PBXNativeTarget "SpiltMilk" */ = {
			isa = XCConfigurationList;
			buildConfigurations = (
				77A0038E245366B000D39005 /* Debug */,
				77A0038F245366B000D39005 /* Release */,
			);
			defaultConfigurationIsVisible = 0;
			defaultConfigurationName = Release;
		};
/* End XCConfigurationList section */
	};
	rootObject = 77A00371245366AD00D39005 /* Project object */;
}
